
Microsoft Visual Studio Solution File, Format Version 12.00
# Visual Studio 15
VisualStudioVersion = 15.0.28010.2019
MinimumVisualStudioVersion = 10.0.40219.1
Project("{FAE04EC0-301F-11D3-BF4B-00C04F79EFBC}") = "TestMazzudioCardReader", "TestMazzudioCardReader\TestMazzudioCardReader.csproj", "{D9128543-2747-4119-8B77-BB678028CC6B}"
EndProject
Project("{FAE04EC0-301F-11D3-BF4B-00C04F79EFBC}") = "Mazzudio.Card.Sdk", "Mazzudio.Card.Sdk\Mazzudio.Card.Sdk.csproj", "{9C4A2F58-A915-40C7-8E7C-69CB80DB2B3A}"
EndProject
Global
	GlobalSection(SolutionConfigurationPlatforms) = preSolution
		Debug|Any CPU = Debug|Any CPU
		Release|Any CPU = Release|Any CPU
	EndGlobalSection
	GlobalSection(ProjectConfigurationPlatforms) = postSolution
		{D9128543-2747-4119-8B77-BB678028CC6B}.Debug|Any CPU.ActiveCfg = Debug|Any CPU
		{D9128543-2747-4119-8B77-BB678028CC6B}.Debug|Any CPU.Build.0 = Debug|Any CPU
		{D9128543-2747-4119-8B77-BB678028CC6B}.Release|Any CPU.ActiveCfg = Release|Any CPU
		{D9128543-2747-4119-8B77-BB678028CC6B}.Release|Any CPU.Build.0 = Release|Any CPU
		{9C4A2F58-A915-40C7-8E7C-69CB80DB2B3A}.Debug|Any CPU.ActiveCfg = Debug|Any CPU
		{9C4A2F58-A915-40C7-8E7C-69CB80DB2B3A}.Debug|Any CPU.Build.0 = Debug|Any CPU
		{9C4A2F58-A915-40C7-8E7C-69CB80DB2B3A}.Release|Any CPU.ActiveCfg = Release|Any CPU
		{9C4A2F58-A915-40C7-8E7C-69CB80DB2B3A}.Release|Any CPU.Build.0 = Release|Any CPU
	EndGlobalSection
	GlobalSection(SolutionProperties) = preSolution
		HideSolutionNode = FALSE
	EndGlobalSection
	GlobalSection(ExtensibilityGlobals) = postSolution
		SolutionGuid = {CB8239F6-6C2A-44F2-8142-B842558210E0}
	EndGlobalSection
EndGlobal
